{
  "name": "nic_test",
  "version": "1.0.0",
  "lockfileVersion": 2,
  "requires": true,
  "packages": {
    "": {
      "name": "nic_test",
      "version": "1.0.0",
      "license": "ISC",
      "dependencies": {
        "@vant/weapp": "^1.10.8",
        "tdesign-miniprogram": "^0.28.0-beta.1"
      }
    },
    "node_modules/@vant/weapp": {
      "version": "1.10.8",
      "resolved": "https://registry.npmjs.org/@vant/weapp/-/weapp-1.10.8.tgz",
      "integrity": "sha512-/6w9U5UclF50ORqM2C9vo+oB5+PCOuLGpNI3cxYL1z0xWqPYratitLRhQx53Qo6k1I45Ri8DYGCb7C0qSKB/xg=="
    },
    "node_modules/dayjs": {
      "version": "1.11.6",
      "resolved": "https://registry.npmjs.org/dayjs/-/dayjs-1.11.6.tgz",
      "integrity": "sha512-zZbY5giJAinCG+7AGaw0wIhNZ6J8AhWuSXKvuc1KAyMiRsvGQWqh4L+MomvhdAYjN+lqvVCMq1I41e3YHvXkyQ=="
    },
    "node_modules/tdesign-miniprogram": {
      "version": "0.28.0-beta.1",
      "resolved": "https://registry.npmjs.org/tdesign-miniprogram/-/tdesign-miniprogram-0.28.0-beta.1.tgz",
      "integrity": "sha512-BlTdWjUfh/2IfcQ36i/L/ToDEcnr3pYSGrBcJ0kbTNWeme+JoySw2F5UoVfrh3ydI+5nvACHVeR72LKqm/aDiQ==",
      "dependencies": {
        "dayjs": "^1.10.7"
      }
    }
  },
  "dependencies": {
    "@vant/weapp": {
      "version": "1.10.8",
      "resolved": "https://registry.npmjs.org/@vant/weapp/-/weapp-1.10.8.tgz",
      "integrity": "sha512-/6w9U5UclF50ORqM2C9vo+oB5+PCOuLGpNI3cxYL1z0xWqPYratitLRhQx53Qo6k1I45Ri8DYGCb7C0qSKB/xg=="
    },
    "dayjs": {
      "version": "1.11.6",
      "resolved": "https://registry.npmjs.org/dayjs/-/dayjs-1.11.6.tgz",
      "integrity": "sha512-zZbY5giJAinCG+7AGaw0wIhNZ6J8AhWuSXKvuc1KAyMiRsvGQWqh4L+MomvhdAYjN+lqvVCMq1I41e3YHvXkyQ=="
    },
    "tdesign-miniprogram": {
      "version": "0.28.0-beta.1",
      "resolved": "https://registry.npmjs.org/tdesign-miniprogram/-/tdesign-miniprogram-0.28.0-beta.1.tgz",
      "integrity": "sha512-BlTdWjUfh/2IfcQ36i/L/ToDEcnr3pYSGrBcJ0kbTNWeme+JoySw2F5UoVfrh3ydI+5nvACHVeR72LKqm/aDiQ==",
      "requires": {
        "dayjs": "^1.10.7"
      }
    }
  }
}
